
Microsoft Visual Studio Solution File, Format Version 12.00
# Visual Studio Version 16
VisualStudioVersion = 16.0.29306.81
MinimumVisualStudioVersion = 10.0.40219.1
Project("{FAE04EC0-301F-11D3-BF4B-00C04F79EFBC}") = "OnBoardingTaskMVP", "OnBoardingTaskMVP\OnBoardingTaskMVP.csproj", "{6D666BA5-8210-4A33-B4C5-52CCDBBEB4D3}"
EndProject
Global
	GlobalSection(SolutionConfigurationPlatforms) = preSolution
		Debug|Any CPU = Debug|Any CPU
		Release|Any CPU = Release|Any CPU
	EndGlobalSection
	GlobalSection(ProjectConfigurationPlatforms) = postSolution
		{6D666BA5-8210-4A33-B4C5-52CCDBBEB4D3}.Debug|Any CPU.ActiveCfg = Debug|Any CPU
		{6D666BA5-8210-4A33-B4C5-52CCDBBEB4D3}.Debug|Any CPU.Build.0 = Debug|Any CPU
		{6D666BA5-8210-4A33-B4C5-52CCDBBEB4D3}.Release|Any CPU.ActiveCfg = Release|Any CPU
		{6D666BA5-8210-4A33-B4C5-52CCDBBEB4D3}.Release|Any CPU.Build.0 = Release|Any CPU
	EndGlobalSection
	GlobalSection(SolutionProperties) = preSolution
		HideSolutionNode = FALSE
	EndGlobalSection
	GlobalSection(ExtensibilityGlobals) = postSolution
		SolutionGuid = {D447A661-72F1-476E-AA0D-A3A00AA54C33}
	EndGlobalSection
EndGlobal
